
Microsoft Visual Studio Solution File, Format Version 12.00
# Visual Studio Version 17
VisualStudioVersion = 17.6.33815.320
MinimumVisualStudioVersion = 10.0.40219.1
Project("{FAE04EC0-301F-11D3-BF4B-00C04F79EFBC}") = "BingMapLesson", "BingMapLesson\BingMapLesson.csproj", "{15BC3672-CCF6-468B-AF76-51752E7471A8}"
EndProject
Global
	GlobalSection(SolutionConfigurationPlatforms) = preSolution
		Debug|Any CPU = Debug|Any CPU
		Release|Any CPU = Release|Any CPU
	EndGlobalSection
	GlobalSection(ProjectConfigurationPlatforms) = postSolution
		{15BC3672-CCF6-468B-AF76-51752E7471A8}.Debug|Any CPU.ActiveCfg = Debug|Any CPU
		{15BC3672-CCF6-468B-AF76-51752E7471A8}.Debug|Any CPU.Build.0 = Debug|Any CPU
		{15BC3672-CCF6-468B-AF76-51752E7471A8}.Release|Any CPU.ActiveCfg = Release|Any CPU
		{15BC3672-CCF6-468B-AF76-51752E7471A8}.Release|Any CPU.Build.0 = Release|Any CPU
	EndGlobalSection
	GlobalSection(SolutionProperties) = preSolution
		HideSolutionNode = FALSE
	EndGlobalSection
	GlobalSection(ExtensibilityGlobals) = postSolution
		SolutionGuid = {B9C2B54B-409C-4DE3-9310-281EC4C78A6F}
	EndGlobalSection
EndGlobal
